
Microsoft Visual Studio Solution File, Format Version 12.00
# Visual Studio Version 17
VisualStudioVersion = 17.9.34723.18
MinimumVisualStudioVersion = 10.0.40219.1
Project("{FAE04EC0-301F-11D3-BF4B-00C04F79EFBC}") = "TP1practicas", "TP1practicas\TP1practicas.csproj", "{9526B8B5-245D-41A9-8CD4-57D2D2B02AFE}"
EndProject
Global
	GlobalSection(SolutionConfigurationPlatforms) = preSolution
		Debug|Any CPU = Debug|Any CPU
		Release|Any CPU = Release|Any CPU
	EndGlobalSection
	GlobalSection(ProjectConfigurationPlatforms) = postSolution
		{9526B8B5-245D-41A9-8CD4-57D2D2B02AFE}.Debug|Any CPU.ActiveCfg = Debug|Any CPU
		{9526B8B5-245D-41A9-8CD4-57D2D2B02AFE}.Debug|Any CPU.Build.0 = Debug|Any CPU
		{9526B8B5-245D-41A9-8CD4-57D2D2B02AFE}.Release|Any CPU.ActiveCfg = Release|Any CPU
		{9526B8B5-245D-41A9-8CD4-57D2D2B02AFE}.Release|Any CPU.Build.0 = Release|Any CPU
	EndGlobalSection
	GlobalSection(SolutionProperties) = preSolution
		HideSolutionNode = FALSE
	EndGlobalSection
	GlobalSection(ExtensibilityGlobals) = postSolution
		SolutionGuid = {2A526DF1-CA49-4356-B9D9-6F775A7CD44A}
	EndGlobalSection
EndGlobal
